
Microsoft Visual Studio Solution File, Format Version 12.00
# Visual Studio Version 17
VisualStudioVersion = 17.4.33205.214
MinimumVisualStudioVersion = 10.0.40219.1
Project("{9A19103F-16F7-4668-BE54-9A1E7A4F7556}") = "BlogManagementSystem", "BlogManagementSystem\BlogManagementSystem.csproj", "{972CDE46-AE7A-4710-A750-7992A8A1F76C}"
EndProject
Project("{2150E333-8FDC-42A3-9474-1A3956D46DE8}") = "Core", "Core", "{270A9D4B-728E-4EC2-9714-8B47B9CDE0F1}"
EndProject
Project("{2150E333-8FDC-42A3-9474-1A3956D46DE8}") = "Infrastructure", "Infrastructure", "{EB46A20C-50D3-4DBA-A96F-EDE9782BA7E2}"
EndProject
Project("{2150E333-8FDC-42A3-9474-1A3956D46DE8}") = "Presentation", "Presentation", "{AACD78E2-033A-474C-80B6-FCA14AF10CDF}"
EndProject
Project("{9A19103F-16F7-4668-BE54-9A1E7A4F7556}") = "Domain", "Domain\Domain.csproj", "{95734DBD-251F-4429-BCFB-466A5B6CF92A}"
EndProject
Project("{9A19103F-16F7-4668-BE54-9A1E7A4F7556}") = "Persistence", "Persistence\Persistence.csproj", "{00D5E4E5-D573-47B5-9B81-315E1BE5C4EA}"
EndProject
Project("{2150E333-8FDC-42A3-9474-1A3956D46DE8}") = "Application", "Application", "{C18C6B98-8538-497E-A213-18442773B4A0}"
EndProject
Project("{9A19103F-16F7-4668-BE54-9A1E7A4F7556}") = "Contratcs", "Interfaces\Contratcs.csproj", "{56FB6B35-64C9-47B6-9B29-75F00B5486D4}"
EndProject
Project("{9A19103F-16F7-4668-BE54-9A1E7A4F7556}") = "Services", "Services\Services.csproj", "{9A617E58-FD4E-4980-A600-C9E265D61113}"
EndProject
Project("{9A19103F-16F7-4668-BE54-9A1E7A4F7556}") = "ModelDto", "ModelDto\ModelDto.csproj", "{4B6FB57C-FD9A-4273-AC76-0E06180F9AF1}"
EndProject
Project("{FAE04EC0-301F-11D3-BF4B-00C04F79EFBC}") = "FireBase", "FireBase\FireBase.csproj", "{05E555B8-07F2-47AA-B1B4-CE931A171F3D}"
EndProject
Project("{FAE04EC0-301F-11D3-BF4B-00C04F79EFBC}") = "BlogManagementSystemTest", "BlogManagementSystemTest\BlogManagementSystemTest.csproj", "{B25FCF33-04D4-42A4-A8EC-81AD8207752B}"
EndProject
Global
	GlobalSection(SolutionConfigurationPlatforms) = preSolution
		Debug|Any CPU = Debug|Any CPU
		Release|Any CPU = Release|Any CPU
	EndGlobalSection
	GlobalSection(ProjectConfigurationPlatforms) = postSolution
		{972CDE46-AE7A-4710-A750-7992A8A1F76C}.Debug|Any CPU.ActiveCfg = Debug|Any CPU
		{972CDE46-AE7A-4710-A750-7992A8A1F76C}.Debug|Any CPU.Build.0 = Debug|Any CPU
		{972CDE46-AE7A-4710-A750-7992A8A1F76C}.Release|Any CPU.ActiveCfg = Release|Any CPU
		{972CDE46-AE7A-4710-A750-7992A8A1F76C}.Release|Any CPU.Build.0 = Release|Any CPU
		{95734DBD-251F-4429-BCFB-466A5B6CF92A}.Debug|Any CPU.ActiveCfg = Debug|Any CPU
		{95734DBD-251F-4429-BCFB-466A5B6CF92A}.Debug|Any CPU.Build.0 = Debug|Any CPU
		{95734DBD-251F-4429-BCFB-466A5B6CF92A}.Release|Any CPU.ActiveCfg = Release|Any CPU
		{95734DBD-251F-4429-BCFB-466A5B6CF92A}.Release|Any CPU.Build.0 = Release|Any CPU
		{00D5E4E5-D573-47B5-9B81-315E1BE5C4EA}.Debug|Any CPU.ActiveCfg = Debug|Any CPU
		{00D5E4E5-D573-47B5-9B81-315E1BE5C4EA}.Debug|Any CPU.Build.0 = Debug|Any CPU
		{00D5E4E5-D573-47B5-9B81-315E1BE5C4EA}.Release|Any CPU.ActiveCfg = Release|Any CPU
		{00D5E4E5-D573-47B5-9B81-315E1BE5C4EA}.Release|Any CPU.Build.0 = Release|Any CPU
		{56FB6B35-64C9-47B6-9B29-75F00B5486D4}.Debug|Any CPU.ActiveCfg = Debug|Any CPU
		{56FB6B35-64C9-47B6-9B29-75F00B5486D4}.Debug|Any CPU.Build.0 = Debug|Any CPU
		{56FB6B35-64C9-47B6-9B29-75F00B5486D4}.Release|Any CPU.ActiveCfg = Release|Any CPU
		{56FB6B35-64C9-47B6-9B29-75F00B5486D4}.Release|Any CPU.Build.0 = Release|Any CPU
		{9A617E58-FD4E-4980-A600-C9E265D61113}.Debug|Any CPU.ActiveCfg = Debug|Any CPU
		{9A617E58-FD4E-4980-A600-C9E265D61113}.Debug|Any CPU.Build.0 = Debug|Any CPU
		{9A617E58-FD4E-4980-A600-C9E265D61113}.Release|Any CPU.ActiveCfg = Release|Any CPU
		{9A617E58-FD4E-4980-A600-C9E265D61113}.Release|Any CPU.Build.0 = Release|Any CPU
		{4B6FB57C-FD9A-4273-AC76-0E06180F9AF1}.Debug|Any CPU.ActiveCfg = Debug|Any CPU
		{4B6FB57C-FD9A-4273-AC76-0E06180F9AF1}.Debug|Any CPU.Build.0 = Debug|Any CPU
		{4B6FB57C-FD9A-4273-AC76-0E06180F9AF1}.Release|Any CPU.ActiveCfg = Release|Any CPU
		{4B6FB57C-FD9A-4273-AC76-0E06180F9AF1}.Release|Any CPU.Build.0 = Release|Any CPU
		{05E555B8-07F2-47AA-B1B4-CE931A171F3D}.Debug|Any CPU.ActiveCfg = Debug|Any CPU
		{05E555B8-07F2-47AA-B1B4-CE931A171F3D}.Debug|Any CPU.Build.0 = Debug|Any CPU
		{05E555B8-07F2-47AA-B1B4-CE931A171F3D}.Release|Any CPU.ActiveCfg = Release|Any CPU
		{05E555B8-07F2-47AA-B1B4-CE931A171F3D}.Release|Any CPU.Build.0 = Release|Any CPU
		{B25FCF33-04D4-42A4-A8EC-81AD8207752B}.Debug|Any CPU.ActiveCfg = Debug|Any CPU
		{B25FCF33-04D4-42A4-A8EC-81AD8207752B}.Debug|Any CPU.Build.0 = Debug|Any CPU
		{B25FCF33-04D4-42A4-A8EC-81AD8207752B}.Release|Any CPU.ActiveCfg = Release|Any CPU
		{B25FCF33-04D4-42A4-A8EC-81AD8207752B}.Release|Any CPU.Build.0 = Release|Any CPU
	EndGlobalSection
	GlobalSection(SolutionProperties) = preSolution
		HideSolutionNode = FALSE
	EndGlobalSection
	GlobalSection(NestedProjects) = preSolution
		{972CDE46-AE7A-4710-A750-7992A8A1F76C} = {AACD78E2-033A-474C-80B6-FCA14AF10CDF}
		{95734DBD-251F-4429-BCFB-466A5B6CF92A} = {270A9D4B-728E-4EC2-9714-8B47B9CDE0F1}
		{00D5E4E5-D573-47B5-9B81-315E1BE5C4EA} = {EB46A20C-50D3-4DBA-A96F-EDE9782BA7E2}
		{56FB6B35-64C9-47B6-9B29-75F00B5486D4} = {270A9D4B-728E-4EC2-9714-8B47B9CDE0F1}
		{9A617E58-FD4E-4980-A600-C9E265D61113} = {C18C6B98-8538-497E-A213-18442773B4A0}
		{4B6FB57C-FD9A-4273-AC76-0E06180F9AF1} = {C18C6B98-8538-497E-A213-18442773B4A0}
		{05E555B8-07F2-47AA-B1B4-CE931A171F3D} = {EB46A20C-50D3-4DBA-A96F-EDE9782BA7E2}
		{B25FCF33-04D4-42A4-A8EC-81AD8207752B} = {AACD78E2-033A-474C-80B6-FCA14AF10CDF}
	EndGlobalSection
	GlobalSection(ExtensibilityGlobals) = postSolution
		SolutionGuid = {4E2C4042-F421-4692-9A4B-AF7CEA2D191D}
	EndGlobalSection
EndGlobal
